// !$*UTF8*$!
{
	archiveVersion = 1;
	classes = {
	};
	objectVersion = 56;
	objects = {

/* Begin PBXBuildFile section */
		200000000000000000000001 /* AppDelegate.swift in Sources */ = {isa = PBXBuildFile; fileRef = 100000000000000000000001 /* AppDelegate.swift */; };
		200000000000000000000002 /* SceneDelegate.swift in Sources */ = {isa = PBXBuildFile; fileRef = 100000000000000000000002 /* SceneDelegate.swift */; };
		200000000000000000000003 /* ViewController.swift in Sources */ = {isa = PBXBuildFile; fileRef = 100000000000000000000003 /* ViewController.swift */; };
		200000000000000000000004 /* MainThreadJSRuntime.swift in Sources */ = {isa = PBXBuildFile; fileRef = 100000000000000000000004 /* MainThreadJSRuntime.swift */; };
		200000000000000000000005 /* NativeViewManager.swift in Sources */ = {isa = PBXBuildFile; fileRef = 100000000000000000000005 /* NativeViewManager.swift */; };
		200000000000000000000006 /* NativeViews.swift in Sources */ = {isa = PBXBuildFile; fileRef = 100000000000000000000006 /* NativeViews.swift */; };
		200000000000000000000007 /* main.bundle.js in Resources */ = {isa = PBXBuildFile; fileRef = 100000000000000000000007 /* main.bundle.js */; };
		200000000000000000000009 /* JavaScriptCore.framework in Frameworks */ = {isa = PBXBuildFile; fileRef = 100000000000000000000009 /* JavaScriptCore.framework */; };
/* End PBXBuildFile section */

/* Begin PBXFileReference section */
		100000000000000000000001 /* AppDelegate.swift */ = {isa = PBXFileReference; lastKnownFileType = sourcecode.swift; path = AppDelegate.swift; sourceTree = "<group>"; };
		100000000000000000000002 /* SceneDelegate.swift */ = {isa = PBXFileReference; lastKnownFileType = sourcecode.swift; path = SceneDelegate.swift; sourceTree = "<group>"; };
		100000000000000000000003 /* ViewController.swift */ = {isa = PBXFileReference; lastKnownFileType = sourcecode.swift; path = ViewController.swift; sourceTree = "<group>"; };
		100000000000000000000004 /* MainThreadJSRuntime.swift */ = {isa = PBXFileReference; lastKnownFileType = sourcecode.swift; path = MainThreadJSRuntime.swift; sourceTree = "<group>"; };
		100000000000000000000005 /* NativeViewManager.swift */ = {isa = PBXFileReference; lastKnownFileType = sourcecode.swift; path = NativeViewManager.swift; sourceTree = "<group>"; };
		100000000000000000000006 /* NativeViews.swift */ = {isa = PBXFileReference; lastKnownFileType = sourcecode.swift; path = NativeViews.swift; sourceTree = "<group>"; };
		100000000000000000000007 /* main.bundle.js */ = {isa = PBXFileReference; lastKnownFileType = sourcecode.javascript; path = main.bundle.js; sourceTree = "<group>"; };
		100000000000000000000008 /* Info.plist */ = {isa = PBXFileReference; lastKnownFileType = text.plist.xml; path = Info.plist; sourceTree = "<group>"; };
		100000000000000000000009 /* JavaScriptCore.framework */ = {isa = PBXFileReference; lastKnownFileType = wrapper.framework; name = JavaScriptCore.framework; path = System/Library/Frameworks/JavaScriptCore.framework; sourceTree = SDKROOT; };
		100000000000000000000010 /* OneNativeApp.app */ = {isa = PBXFileReference; explicitFileType = wrapper.application; includeInIndex = 0; path = OneNativeApp.app; sourceTree = BUILT_PRODUCTS_DIR; };
/* End PBXFileReference section */

/* Begin PBXFrameworksBuildPhase section */
		300000000000000000000001 /* Frameworks */ = {
			isa = PBXFrameworksBuildPhase;
			buildActionMask = 2147483647;
			files = (
				200000000000000000000009 /* JavaScriptCore.framework in Frameworks */,
			);
			runOnlyForDeploymentPostprocessing = 0;
		};
/* End PBXFrameworksBuildPhase section */

/* Begin PBXGroup section */
		400000000000000000000001 = {
			isa = PBXGroup;
			children = (
				400000000000000000000002 /* OneNativeApp */,
				400000000000000000000003 /* Frameworks */,
				400000000000000000000004 /* Products */,
			);
			sourceTree = "<group>";
		};
		400000000000000000000002 /* OneNativeApp */ = {
			isa = PBXGroup;
			children = (
				100000000000000000000001 /* AppDelegate.swift */,
				100000000000000000000002 /* SceneDelegate.swift */,
				100000000000000000000003 /* ViewController.swift */,
				100000000000000000000004 /* MainThreadJSRuntime.swift */,
				100000000000000000000005 /* NativeViewManager.swift */,
				100000000000000000000006 /* NativeViews.swift */,
				100000000000000000000007 /* main.bundle.js */,
				100000000000000000000008 /* Info.plist */,
			);
			path = OneNativeApp;
			sourceTree = "<group>";
		};
		400000000000000000000003 /* Frameworks */ = {
			isa = PBXGroup;
			children = (
				100000000000000000000009 /* JavaScriptCore.framework */,
			);
			name = Frameworks;
			sourceTree = "<group>";
		};
		400000000000000000000004 /* Products */ = {
			isa = PBXGroup;
			children = (
				100000000000000000000010 /* OneNativeApp.app */,
			);
			name = Products;
			sourceTree = "<group>";
		};
/* End PBXGroup section */

/* Begin PBXNativeTarget section */
		500000000000000000000001 /* OneNativeApp */ = {
			isa = PBXNativeTarget;
			buildConfigurationList = 600000000000000000000001 /* Build configuration list for PBXNativeTarget "OneNativeApp" */;
			buildPhases = (
				700000000000000000000001 /* Sources */,
				300000000000000000000001 /* Frameworks */,
				800000000000000000000001 /* Resources */,
			);
			buildRules = (
			);
			dependencies = (
			);
			name = OneNativeApp;
			productName = OneNativeApp;
			productReference = 100000000000000000000010 /* OneNativeApp.app */;
			productType = "com.apple.product-type.application";
		};
/* End PBXNativeTarget section */

/* Begin PBXProject section */
		900000000000000000000001 /* Project object */ = {
			isa = PBXProject;
			attributes = {
				BuildIndependentTargetsInParallel = 1;
				LastUpgradeCheck = 1520;
			};
			buildConfigurationList = 600000000000000000000002 /* Build configuration list for PBXProject "OneNativeApp" */;
			compatibilityVersion = "Xcode 14.0";
			developmentRegion = en;
			hasScannedForEncodings = 0;
			knownRegions = (
				en,
				Base,
			);
			mainGroup = 400000000000000000000001;
			productRefGroup = 400000000000000000000004 /* Products */;
			projectDirPath = "";
			projectRoot = "";
			targets = (
				500000000000000000000001 /* OneNativeApp */,
			);
		};
/* End PBXProject section */

/* Begin PBXResourcesBuildPhase section */
		800000000000000000000001 /* Resources */ = {
			isa = PBXResourcesBuildPhase;
			buildActionMask = 2147483647;
			files = (
				200000000000000000000007 /* main.bundle.js in Resources */,
			);
			runOnlyForDeploymentPostprocessing = 0;
		};
/* End PBXResourcesBuildPhase section */

/* Begin PBXSourcesBuildPhase section */
		700000000000000000000001 /* Sources */ = {
			isa = PBXSourcesBuildPhase;
			buildActionMask = 2147483647;
			files = (
				200000000000000000000001 /* AppDelegate.swift in Sources */,
				200000000000000000000002 /* SceneDelegate.swift in Sources */,
				200000000000000000000003 /* ViewController.swift in Sources */,
				200000000000000000000004 /* MainThreadJSRuntime.swift in Sources */,
				200000000000000000000005 /* NativeViewManager.swift in Sources */,
				200000000000000000000006 /* NativeViews.swift in Sources */,
			);
			runOnlyForDeploymentPostprocessing = 0;
		};
/* End PBXSourcesBuildPhase section */

/* Begin XCBuildConfiguration section */
		A00000000000000000000001 /* Debug */ = {
			isa = XCBuildConfiguration;
			buildSettings = {
				ALWAYS_SEARCH_USER_PATHS = NO;
				CLANG_ANALYZER_NONNULL = YES;
				CLANG_CXX_LANGUAGE_STANDARD = "gnu++20";
				CLANG_ENABLE_MODULES = YES;
				CLANG_ENABLE_OBJC_ARC = YES;
				COPY_PHASE_STRIP = NO;
				DEBUG_INFORMATION_FORMAT = dwarf;
				ENABLE_STRICT_OBJC_MSGSEND = YES;
				ENABLE_TESTABILITY = YES;
				GCC_DYNAMIC_NO_PIC = NO;
				GCC_NO_COMMON_BLOCKS = YES;
				GCC_OPTIMIZATION_LEVEL = 0;
				GCC_PREPROCESSOR_DEFINITIONS = (
					"DEBUG=1",
					"$(inherited)",
				);
				IPHONEOS_DEPLOYMENT_TARGET = 17.0;
				MTL_ENABLE_DEBUG_INFO = INCLUDE_SOURCE;
				ONLY_ACTIVE_ARCH = YES;
				SDKROOT = iphoneos;
				SWIFT_ACTIVE_COMPILATION_CONDITIONS = DEBUG;
				SWIFT_OPTIMIZATION_LEVEL = "-Onone";
			};
			name = Debug;
		};
		A00000000000000000000002 /* Release */ = {
			isa = XCBuildConfiguration;
			buildSettings = {
				ALWAYS_SEARCH_USER_PATHS = NO;
				CLANG_ANALYZER_NONNULL = YES;
				CLANG_CXX_LANGUAGE_STANDARD = "gnu++20";
				CLANG_ENABLE_MODULES = YES;
				CLANG_ENABLE_OBJC_ARC = YES;
				COPY_PHASE_STRIP = NO;
				DEBUG_INFORMATION_FORMAT = "dwarf-with-dsym";
				ENABLE_NS_ASSERTIONS = NO;
				ENABLE_STRICT_OBJC_MSGSEND = YES;
				GCC_NO_COMMON_BLOCKS = YES;
				IPHONEOS_DEPLOYMENT_TARGET = 17.0;
				MTL_ENABLE_DEBUG_INFO = NO;
				SDKROOT = iphoneos;
				SWIFT_COMPILATION_MODE = "wholemodule";
				SWIFT_OPTIMIZATION_LEVEL = "-O";
			};
			name = Release;
		};
		A00000000000000000000003 /* Debug */ = {
			isa = XCBuildConfiguration;
			buildSettings = {
				ASSETCATALOG_COMPILER_APPICON_NAME = "";
				CLANG_ENABLE_MODULES = YES;
				CODE_SIGN_STYLE = Automatic;
				CURRENT_PROJECT_VERSION = 1;
				ENABLE_PREVIEWS = YES;
				GENERATE_INFOPLIST_FILE = NO;
				INFOPLIST_FILE = OneNativeApp/Info.plist;
				IPHONEOS_DEPLOYMENT_TARGET = 17.0;
				LD_RUNPATH_SEARCH_PATHS = (
					"$(inherited)",
					"@executable_path/Frameworks",
				);
				MARKETING_VERSION = 1.0;
				PRODUCT_BUNDLE_IDENTIFIER = com.onejs.onenative;
				PRODUCT_NAME = "$(TARGET_NAME)";
				SWIFT_EMIT_LOC_STRINGS = YES;
				SWIFT_VERSION = 5.0;
				TARGETED_DEVICE_FAMILY = "1,2";
			};
			name = Debug;
		};
		A00000000000000000000004 /* Release */ = {
			isa = XCBuildConfiguration;
			buildSettings = {
				ASSETCATALOG_COMPILER_APPICON_NAME = "";
				CLANG_ENABLE_MODULES = YES;
				CODE_SIGN_STYLE = Automatic;
				CURRENT_PROJECT_VERSION = 1;
				ENABLE_PREVIEWS = YES;
				GENERATE_INFOPLIST_FILE = NO;
				INFOPLIST_FILE = OneNativeApp/Info.plist;
				IPHONEOS_DEPLOYMENT_TARGET = 17.0;
				LD_RUNPATH_SEARCH_PATHS = (
					"$(inherited)",
					"@executable_path/Frameworks",
				);
				MARKETING_VERSION = 1.0;
				PRODUCT_BUNDLE_IDENTIFIER = com.onejs.onenative;
				PRODUCT_NAME = "$(TARGET_NAME)";
				SWIFT_EMIT_LOC_STRINGS = YES;
				SWIFT_VERSION = 5.0;
				TARGETED_DEVICE_FAMILY = "1,2";
			};
			name = Release;
		};
/* End XCBuildConfiguration section */

/* Begin XCConfigurationList section */
		600000000000000000000001 /* Build configuration list for PBXNativeTarget "OneNativeApp" */ = {
			isa = XCConfigurationList;
			buildConfigurations = (
				A00000000000000000000003 /* Debug */,
				A00000000000000000000004 /* Release */,
			);
			defaultConfigurationIsVisible = 0;
			defaultConfigurationName = Release;
		};
		600000000000000000000002 /* Build configuration list for PBXProject "OneNativeApp" */ = {
			isa = XCConfigurationList;
			buildConfigurations = (
				A00000000000000000000001 /* Debug */,
				A00000000000000000000002 /* Release */,
			);
			defaultConfigurationIsVisible = 0;
			defaultConfigurationName = Release;
		};
/* End XCConfigurationList section */
	};
	rootObject = 900000000000000000000001 /* Project object */;
}
